
Microsoft Visual Studio Solution File, Format Version 12.00
# Visual Studio Version 17
VisualStudioVersion = 17.2.32526.322
MinimumVisualStudioVersion = 10.0.40219.1
Project("{FAE04EC0-301F-11D3-BF4B-00C04F79EFBC}") = "ApartmanYönetim", "ApartmanYönetim\ApartmanYönetim.csproj", "{32D4BC34-5A57-4401-9FA3-06A9F0A5CB45}"
EndProject
Global
	GlobalSection(SolutionConfigurationPlatforms) = preSolution
		Debug|Any CPU = Debug|Any CPU
		Release|Any CPU = Release|Any CPU
	EndGlobalSection
	GlobalSection(ProjectConfigurationPlatforms) = postSolution
		{32D4BC34-5A57-4401-9FA3-06A9F0A5CB45}.Debug|Any CPU.ActiveCfg = Debug|Any CPU
		{32D4BC34-5A57-4401-9FA3-06A9F0A5CB45}.Debug|Any CPU.Build.0 = Debug|Any CPU
		{32D4BC34-5A57-4401-9FA3-06A9F0A5CB45}.Release|Any CPU.ActiveCfg = Release|Any CPU
		{32D4BC34-5A57-4401-9FA3-06A9F0A5CB45}.Release|Any CPU.Build.0 = Release|Any CPU
	EndGlobalSection
	GlobalSection(SolutionProperties) = preSolution
		HideSolutionNode = FALSE
	EndGlobalSection
	GlobalSection(ExtensibilityGlobals) = postSolution
		SolutionGuid = {274984C8-E5BF-4E60-9C06-40727B257A8E}
	EndGlobalSection
EndGlobal
